// !$*UTF8*$!
{
	archiveVersion = 1;
	classes = {
	};
	objectVersion = 90;
	objects = {

/* Begin PBXBuildFile section */
		C84223BD2E4FB52A003E73E3 /* NicNarkShortcutsIntents.appex in Embed ExtensionKit Extensions */ = {isa = PBXBuildFile; fileRef = C84223B42E4FB52A003E73E3 /* NicNarkShortcutsIntents.appex */; settings = {ATTRIBUTES = (RemoveHeadersOnCopy, ); }; };
		C84224212E4FCBE5003E73E3 /* SwiftUI.framework in Frameworks */ = {isa = PBXBuildFile; fileRef = C8D96E442E40739E002AA8C9 /* SwiftUI.framework */; };
		C84224242E4FCBE7003E73E3 /* WidgetKit.framework in Frameworks */ = {isa = PBXBuildFile; fileRef = C8D96E422E40739E002AA8C9 /* WidgetKit.framework */; };
		C8D96E562E40739F002AA8C9 /* AbsorptionTimerWidgetExtension.appex in Embed Foundation Extensions */ = {isa = PBXBuildFile; fileRef = C8D96E402E40739E002AA8C9 /* AbsorptionTimerWidgetExtension.appex */; settings = {ATTRIBUTES = (RemoveHeadersOnCopy, ); }; };
/* End PBXBuildFile section */

/* Begin PBXContainerItemProxy section */
		C84223BB2E4FB52A003E73E3 /* PBXContainerItemProxy */ = {
			isa = PBXContainerItemProxy;
			containerPortal = C8E730542E405AC700F0C29D /* Project object */;
			proxyType = 1;
			remoteGlobalIDString = C84223B32E4FB52A003E73E3;
			remoteInfo = NicNarkShortcutsIntents;
		};
		C8D96E542E40739F002AA8C9 /* PBXContainerItemProxy */ = {
			isa = PBXContainerItemProxy;
			containerPortal = C8E730542E405AC700F0C29D /* Project object */;
			proxyType = 1;
			remoteGlobalIDString = C8D96E3F2E40739E002AA8C9;
			remoteInfo = AbsorptionTimerWidgetExtension;
		};
		C8E730712E405AC900F0C29D /* PBXContainerItemProxy */ = {
			isa = PBXContainerItemProxy;
			containerPortal = C8E730542E405AC700F0C29D /* Project object */;
			proxyType = 1;
			remoteGlobalIDString = C8E7305B2E405AC700F0C29D;
			remoteInfo = "nicnark-2";
		};
		C8E7307B2E405AC900F0C29D /* PBXContainerItemProxy */ = {
			isa = PBXContainerItemProxy;
			containerPortal = C8E730542E405AC700F0C29D /* Project object */;
			proxyType = 1;
			remoteGlobalIDString = C8E7305B2E405AC700F0C29D;
			remoteInfo = "nicnark-2";
		};
/* End PBXContainerItemProxy section */

/* Begin PBXCopyFilesBuildPhase section */
		C84223BE2E4FB52A003E73E3 /* Embed ExtensionKit Extensions */ = {
			isa = PBXCopyFilesBuildPhase;
			dstPath = "$(EXTENSIONS_FOLDER_PATH)";
			dstSubfolder = Product;
			files = (
				C84223BD2E4FB52A003E73E3 /* NicNarkShortcutsIntents.appex in Embed ExtensionKit Extensions */,
			);
			name = "Embed ExtensionKit Extensions";
		};
		C86774F62E44347800651441 /* Embed Watch Content */ = {
			isa = PBXCopyFilesBuildPhase;
			dstPath = "$(CONTENTS_FOLDER_PATH)/Watch";
			dstSubfolder = Product;
			files = (
			);
			name = "Embed Watch Content";
		};
		C8D96E572E40739F002AA8C9 /* Embed Foundation Extensions */ = {
			isa = PBXCopyFilesBuildPhase;
			dstPath = "";
			dstSubfolder = PlugIns;
			files = (
				C8D96E562E40739F002AA8C9 /* AbsorptionTimerWidgetExtension.appex in Embed Foundation Extensions */,
			);
			name = "Embed Foundation Extensions";
		};
/* End PBXCopyFilesBuildPhase section */

/* Begin PBXFileReference section */
		C84223B42E4FB52A003E73E3 /* NicNarkShortcutsIntents.appex */ = {isa = PBXFileReference; explicitFileType = "wrapper.extensionkit-extension"; includeInIndex = 0; path = NicNarkShortcutsIntents.appex; sourceTree = BUILT_PRODUCTS_DIR; };
		C8D96E402E40739E002AA8C9 /* AbsorptionTimerWidgetExtension.appex */ = {isa = PBXFileReference; explicitFileType = "wrapper.app-extension"; includeInIndex = 0; path = AbsorptionTimerWidgetExtension.appex; sourceTree = BUILT_PRODUCTS_DIR; };
		C8D96E422E40739E002AA8C9 /* WidgetKit.framework */ = {isa = PBXFileReference; lastKnownFileType = wrapper.framework; name = WidgetKit.framework; path = System/Library/Frameworks/WidgetKit.framework; sourceTree = SDKROOT; };
		C8D96E442E40739E002AA8C9 /* SwiftUI.framework */ = {isa = PBXFileReference; lastKnownFileType = wrapper.framework; name = SwiftUI.framework; path = System/Library/Frameworks/SwiftUI.framework; sourceTree = SDKROOT; };
		C8D96E682E40800B002AA8C9 /* AbsorptionTimerWidgetExtension.entitlements */ = {isa = PBXFileReference; lastKnownFileType = text.plist.entitlements; path = AbsorptionTimerWidgetExtension.entitlements; sourceTree = "<group>"; };
		C8E7305C2E405AC700F0C29D /* nicnark-2.app */ = {isa = PBXFileReference; explicitFileType = wrapper.application; includeInIndex = 0; path = "nicnark-2.app"; sourceTree = BUILT_PRODUCTS_DIR; };
		C8E730702E405AC900F0C29D /* nicnark-2Tests.xctest */ = {isa = PBXFileReference; explicitFileType = wrapper.cfbundle; includeInIndex = 0; path = "nicnark-2Tests.xctest"; sourceTree = BUILT_PRODUCTS_DIR; };
		C8E7307A2E405AC900F0C29D /* nicnark-2UITests.xctest */ = {isa = PBXFileReference; explicitFileType = wrapper.cfbundle; includeInIndex = 0; path = "nicnark-2UITests.xctest"; sourceTree = BUILT_PRODUCTS_DIR; };
/* End PBXFileReference section */

/* Begin PBXFileSystemSynchronizedBuildFileExceptionSet section */
		C84223C22E4FB52A003E73E3 /* Exceptions for "NicNarkShortcutsIntents" folder in "NicNarkShortcutsIntents" target */ = {
			isa = PBXFileSystemSynchronizedBuildFileExceptionSet;
			membershipExceptions = (
				Info.plist,
				LogPouchIntent.swift,
				NicNarkAppShortcuts.swift,
			);
			target = C84223B32E4FB52A003E73E3 /* NicNarkShortcutsIntents */;
		};
		C842252A2E50222F003E73E3 /* Exceptions for "NicNarkShortcutsIntents" folder in "nicnark-2" target */ = {
			isa = PBXFileSystemSynchronizedBuildFileExceptionSet;
			membershipExceptions = (
				LogPouchIntent.swift,
				NicNarkAppShortcuts.swift,
			);
			target = C8E7305B2E405AC700F0C29D /* nicnark-2 */;
		};
		C8989EC52E470CF600C36700 /* Exceptions for "nicnark-2" folder in "nicnark-2" target */ = {
			isa = PBXFileSystemSynchronizedBuildFileExceptionSet;
			membershipExceptions = (
				BackgroundTasks.swift,
				Info.plist,
			);
			target = C8E7305B2E405AC700F0C29D /* nicnark-2 */;
		};
		C8989EC92E47125100C36700 /* Exceptions for "AbsorptionTimerWidget" folder in "nicnark-2" target */ = {
			isa = PBXFileSystemSynchronizedBuildFileExceptionSet;
			membershipExceptions = (
				WidgetPersistenceHelper.swift,
			);
			target = C8E7305B2E405AC700F0C29D /* nicnark-2 */;
		};
		C8D96E5B2E40739F002AA8C9 /* Exceptions for "AbsorptionTimerWidget" folder in "AbsorptionTimerWidgetExtension" target */ = {
			isa = PBXFileSystemSynchronizedBuildFileExceptionSet;
			membershipExceptions = (
				Info.plist,
			);
			target = C8D96E3F2E40739E002AA8C9 /* AbsorptionTimerWidgetExtension */;
		};
		C8D96E672E407CF9002AA8C9 /* Exceptions for "nicnark-2" folder in "AbsorptionTimerWidgetExtension" target */ = {
			isa = PBXFileSystemSynchronizedBuildFileExceptionSet;
			membershipExceptions = (
				nicnark_2.xcdatamodeld,
				PouchActivityAttributes.swift,
				PouchLiveActivity.swift,
			);
			target = C8D96E3F2E40739E002AA8C9 /* AbsorptionTimerWidgetExtension */;
		};
/* End PBXFileSystemSynchronizedBuildFileExceptionSet section */

/* Begin PBXFileSystemSynchronizedRootGroup section */
		C84223B52E4FB52A003E73E3 /* NicNarkShortcutsIntents */ = {
			isa = PBXFileSystemSynchronizedRootGroup;
			exceptions = (
				C842252A2E50222F003E73E3 /* Exceptions for "NicNarkShortcutsIntents" folder in "nicnark-2" target */,
				C84223C22E4FB52A003E73E3 /* Exceptions for "NicNarkShortcutsIntents" folder in "NicNarkShortcutsIntents" target */,
			);
			path = NicNarkShortcutsIntents;
			sourceTree = "<group>";
		};
		C8D96E462E40739E002AA8C9 /* AbsorptionTimerWidget */ = {
			isa = PBXFileSystemSynchronizedRootGroup;
			exceptions = (
				C8989EC92E47125100C36700 /* Exceptions for "AbsorptionTimerWidget" folder in "nicnark-2" target */,
				C8D96E5B2E40739F002AA8C9 /* Exceptions for "AbsorptionTimerWidget" folder in "AbsorptionTimerWidgetExtension" target */,
			);
			path = AbsorptionTimerWidget;
			sourceTree = "<group>";
		};
		C8E7305E2E405AC700F0C29D /* nicnark-2 */ = {
			isa = PBXFileSystemSynchronizedRootGroup;
			exceptions = (
				C8989EC52E470CF600C36700 /* Exceptions for "nicnark-2" folder in "nicnark-2" target */,
				C8D96E672E407CF9002AA8C9 /* Exceptions for "nicnark-2" folder in "AbsorptionTimerWidgetExtension" target */,
			);
			path = "nicnark-2";
			sourceTree = "<group>";
		};
		C8E730732E405AC900F0C29D /* nicnark-2Tests */ = {
			isa = PBXFileSystemSynchronizedRootGroup;
			path = "nicnark-2Tests";
			sourceTree = "<group>";
		};
		C8E7307D2E405AC900F0C29D /* nicnark-2UITests */ = {
			isa = PBXFileSystemSynchronizedRootGroup;
			path = "nicnark-2UITests";
			sourceTree = "<group>";
		};
/* End PBXFileSystemSynchronizedRootGroup section */

/* Begin PBXFrameworksBuildPhase section */
		C84223B12E4FB52A003E73E3 /* Frameworks */ = {
			isa = PBXFrameworksBuildPhase;
			files = (
			);
		};
		C8D96E3D2E40739E002AA8C9 /* Frameworks */ = {
			isa = PBXFrameworksBuildPhase;
			files = (
				C84224212E4FCBE5003E73E3 /* SwiftUI.framework in Frameworks */,
				C84224242E4FCBE7003E73E3 /* WidgetKit.framework in Frameworks */,
			);
		};
		C8E730592E405AC700F0C29D /* Frameworks */ = {
			isa = PBXFrameworksBuildPhase;
			files = (
			);
		};
		C8E7306D2E405AC900F0C29D /* Frameworks */ = {
			isa = PBXFrameworksBuildPhase;
			files = (
			);
		};
		C8E730772E405AC900F0C29D /* Frameworks */ = {
			isa = PBXFrameworksBuildPhase;
			files = (
			);
		};
/* End PBXFrameworksBuildPhase section */

/* Begin PBXGroup section */
		C8D96E412E40739E002AA8C9 /* Frameworks */ = {
			isa = PBXGroup;
			children = (
				C8D96E422E40739E002AA8C9 /* WidgetKit.framework */,
				C8D96E442E40739E002AA8C9 /* SwiftUI.framework */,
			);
			name = Frameworks;
			sourceTree = "<group>";
		};
		C8E730532E405AC700F0C29D = {
			isa = PBXGroup;
			children = (
				C8D96E682E40800B002AA8C9 /* AbsorptionTimerWidgetExtension.entitlements */,
				C8E7305E2E405AC700F0C29D /* nicnark-2 */,
				C8E730732E405AC900F0C29D /* nicnark-2Tests */,
				C8E7307D2E405AC900F0C29D /* nicnark-2UITests */,
				C8D96E462E40739E002AA8C9 /* AbsorptionTimerWidget */,
				C84223B52E4FB52A003E73E3 /* NicNarkShortcutsIntents */,
				C8D96E412E40739E002AA8C9 /* Frameworks */,
				C8E7305D2E405AC700F0C29D /* Products */,
			);
			sourceTree = "<group>";
		};
		C8E7305D2E405AC700F0C29D /* Products */ = {
			isa = PBXGroup;
			children = (
				C8E7305C2E405AC700F0C29D /* nicnark-2.app */,
				C8E730702E405AC900F0C29D /* nicnark-2Tests.xctest */,
				C8E7307A2E405AC900F0C29D /* nicnark-2UITests.xctest */,
				C8D96E402E40739E002AA8C9 /* AbsorptionTimerWidgetExtension.appex */,
				C84223B42E4FB52A003E73E3 /* NicNarkShortcutsIntents.appex */,
			);
			name = Products;
			sourceTree = "<group>";
		};
/* End PBXGroup section */

/* Begin PBXNativeTarget section */
		C84223B32E4FB52A003E73E3 /* NicNarkShortcutsIntents */ = {
			isa = PBXNativeTarget;
			buildConfigurationList = C84223C12E4FB52A003E73E3 /* Build configuration list for PBXNativeTarget "NicNarkShortcutsIntents" */;
			buildPhases = (
				C84223B02E4FB52A003E73E3 /* Sources */,
				C84223B12E4FB52A003E73E3 /* Frameworks */,
				C84223B22E4FB52A003E73E3 /* Resources */,
			);
			buildRules = (
			);
			fileSystemSynchronizedGroups = (
				C84223B52E4FB52A003E73E3 /* NicNarkShortcutsIntents */,
			);
			name = NicNarkShortcutsIntents;
			productName = NicNarkShortcutsIntents;
			productReference = C84223B42E4FB52A003E73E3 /* NicNarkShortcutsIntents.appex */;
			productType = "com.apple.product-type.extensionkit-extension";
		};
		C8D96E3F2E40739E002AA8C9 /* AbsorptionTimerWidgetExtension */ = {
			isa = PBXNativeTarget;
			buildConfigurationList = C8D96E5A2E40739F002AA8C9 /* Build configuration list for PBXNativeTarget "AbsorptionTimerWidgetExtension" */;
			buildPhases = (
				C8D96E3C2E40739E002AA8C9 /* Sources */,
				C8D96E3D2E40739E002AA8C9 /* Frameworks */,
				C8D96E3E2E40739E002AA8C9 /* Resources */,
			);
			buildRules = (
			);
			fileSystemSynchronizedGroups = (
				C8D96E462E40739E002AA8C9 /* AbsorptionTimerWidget */,
			);
			name = AbsorptionTimerWidgetExtension;
			productName = AbsorptionTimerWidgetExtension;
			productReference = C8D96E402E40739E002AA8C9 /* AbsorptionTimerWidgetExtension.appex */;
			productType = "com.apple.product-type.app-extension";
		};
		C8E7305B2E405AC700F0C29D /* nicnark-2 */ = {
			isa = PBXNativeTarget;
			buildConfigurationList = C8E730832E405AC900F0C29D /* Build configuration list for PBXNativeTarget "nicnark-2" */;
			buildPhases = (
				C8E730582E405AC700F0C29D /* Sources */,
				C8E730592E405AC700F0C29D /* Frameworks */,
				C8E7305A2E405AC700F0C29D /* Resources */,
				C8D96E572E40739F002AA8C9 /* Embed Foundation Extensions */,
				C86774F62E44347800651441 /* Embed Watch Content */,
				C84223BE2E4FB52A003E73E3 /* Embed ExtensionKit Extensions */,
			);
			buildRules = (
			);
			dependencies = (
				C8D96E552E40739F002AA8C9 /* PBXTargetDependency */,
				C84223BC2E4FB52A003E73E3 /* PBXTargetDependency */,
			);
			fileSystemSynchronizedGroups = (
				C8E7305E2E405AC700F0C29D /* nicnark-2 */,
			);
			name = "nicnark-2";
			productName = "nicnark-2";
			productReference = C8E7305C2E405AC700F0C29D /* nicnark-2.app */;
			productType = "com.apple.product-type.application";
		};
		C8E7306F2E405AC900F0C29D /* nicnark-2Tests */ = {
			isa = PBXNativeTarget;
			buildConfigurationList = C8E730882E405AC900F0C29D /* Build configuration list for PBXNativeTarget "nicnark-2Tests" */;
			buildPhases = (
				C8E7306C2E405AC900F0C29D /* Sources */,
				C8E7306D2E405AC900F0C29D /* Frameworks */,
				C8E7306E2E405AC900F0C29D /* Resources */,
			);
			buildRules = (
			);
			dependencies = (
				C8E730722E405AC900F0C29D /* PBXTargetDependency */,
			);
			fileSystemSynchronizedGroups = (
				C8E730732E405AC900F0C29D /* nicnark-2Tests */,
			);
			name = "nicnark-2Tests";
			productName = "nicnark-2Tests";
			productReference = C8E730702E405AC900F0C29D /* nicnark-2Tests.xctest */;
			productType = "com.apple.product-type.bundle.unit-test";
		};
		C8E730792E405AC900F0C29D /* nicnark-2UITests */ = {
			isa = PBXNativeTarget;
			buildConfigurationList = C8E7308B2E405AC900F0C29D /* Build configuration list for PBXNativeTarget "nicnark-2UITests" */;
			buildPhases = (
				C8E730762E405AC900F0C29D /* Sources */,
				C8E730772E405AC900F0C29D /* Frameworks */,
				C8E730782E405AC900F0C29D /* Resources */,
			);
			buildRules = (
			);
			dependencies = (
				C8E7307C2E405AC900F0C29D /* PBXTargetDependency */,
			);
			fileSystemSynchronizedGroups = (
				C8E7307D2E405AC900F0C29D /* nicnark-2UITests */,
			);
			name = "nicnark-2UITests";
			productName = "nicnark-2UITests";
			productReference = C8E7307A2E405AC900F0C29D /* nicnark-2UITests.xctest */;
			productType = "com.apple.product-type.bundle.ui-testing";
		};
/* End PBXNativeTarget section */

/* Begin PBXProject section */
		C8E730542E405AC700F0C29D /* Project object */ = {
			isa = PBXProject;
			attributes = {
				BuildIndependentTargetsInParallel = 1;
				LastSwiftUpdateCheck = 2600;
				LastUpgradeCheck = 2600;
				TargetAttributes = {
					C84223B32E4FB52A003E73E3 = {
						CreatedOnToolsVersion = 26.0;
					};
					C8D96E3F2E40739E002AA8C9 = {
						CreatedOnToolsVersion = 16.4;
					};
					C8E7305B2E405AC700F0C29D = {
						CreatedOnToolsVersion = 16.4;
					};
					C8E7306F2E405AC900F0C29D = {
						CreatedOnToolsVersion = 16.4;
						TestTargetID = C8E7305B2E405AC700F0C29D;
					};
					C8E730792E405AC900F0C29D = {
						CreatedOnToolsVersion = 16.4;
						TestTargetID = C8E7305B2E405AC700F0C29D;
					};
				};
			};
			buildConfigurationList = C8E730572E405AC700F0C29D /* Build configuration list for PBXProject "nicnark-2" */;
			developmentRegion = en;
			hasScannedForEncodings = 0;
			knownRegions = (
				en,
				Base,
			);
			mainGroup = C8E730532E405AC700F0C29D;
			minimizedProjectReferenceProxies = 1;
			preferredProjectObjectVersion = 90;
			productRefGroup = C8E7305D2E405AC700F0C29D /* Products */;
			projectDirPath = "";
			projectRoot = "";
			targets = (
				C8E7305B2E405AC700F0C29D /* nicnark-2 */,
				C8E7306F2E405AC900F0C29D /* nicnark-2Tests */,
				C8E730792E405AC900F0C29D /* nicnark-2UITests */,
				C8D96E3F2E40739E002AA8C9 /* AbsorptionTimerWidgetExtension */,
				C84223B32E4FB52A003E73E3 /* NicNarkShortcutsIntents */,
			);
		};
/* End PBXProject section */

/* Begin PBXResourcesBuildPhase section */
		C84223B22E4FB52A003E73E3 /* Resources */ = {
			isa = PBXResourcesBuildPhase;
			files = (
			);
		};
		C8D96E3E2E40739E002AA8C9 /* Resources */ = {
			isa = PBXResourcesBuildPhase;
			files = (
			);
		};
		C8E7305A2E405AC700F0C29D /* Resources */ = {
			isa = PBXResourcesBuildPhase;
			files = (
			);
		};
		C8E7306E2E405AC900F0C29D /* Resources */ = {
			isa = PBXResourcesBuildPhase;
			files = (
			);
		};
		C8E730782E405AC900F0C29D /* Resources */ = {
			isa = PBXResourcesBuildPhase;
			files = (
			);
		};
/* End PBXResourcesBuildPhase section */

/* Begin PBXSourcesBuildPhase section */
		C84223B02E4FB52A003E73E3 /* Sources */ = {
			isa = PBXSourcesBuildPhase;
			files = (
			);
		};
		C8D96E3C2E40739E002AA8C9 /* Sources */ = {
			isa = PBXSourcesBuildPhase;
			files = (
			);
		};
		C8E730582E405AC700F0C29D /* Sources */ = {
			isa = PBXSourcesBuildPhase;
			files = (
			);
		};
		C8E7306C2E405AC900F0C29D /* Sources */ = {
			isa = PBXSourcesBuildPhase;
			files = (
			);
		};
		C8E730762E405AC900F0C29D /* Sources */ = {
			isa = PBXSourcesBuildPhase;
			files = (
			);
		};
/* End PBXSourcesBuildPhase section */

/* Begin PBXTargetDependency section */
		C84223BC2E4FB52A003E73E3 /* PBXTargetDependency */ = {
			isa = PBXTargetDependency;
			target = C84223B32E4FB52A003E73E3 /* NicNarkShortcutsIntents */;
			targetProxy = C84223BB2E4FB52A003E73E3 /* PBXContainerItemProxy */;
		};
		C8D96E552E40739F002AA8C9 /* PBXTargetDependency */ = {
			isa = PBXTargetDependency;
			target = C8D96E3F2E40739E002AA8C9 /* AbsorptionTimerWidgetExtension */;
			targetProxy = C8D96E542E40739F002AA8C9 /* PBXContainerItemProxy */;
		};
		C8E730722E405AC900F0C29D /* PBXTargetDependency */ = {
			isa = PBXTargetDependency;
			target = C8E7305B2E405AC700F0C29D /* nicnark-2 */;
			targetProxy = C8E730712E405AC900F0C29D /* PBXContainerItemProxy */;
		};
		C8E7307C2E405AC900F0C29D /* PBXTargetDependency */ = {
			isa = PBXTargetDependency;
			target = C8E7305B2E405AC700F0C29D /* nicnark-2 */;
			targetProxy = C8E7307B2E405AC900F0C29D /* PBXContainerItemProxy */;
		};
/* End PBXTargetDependency section */

/* Begin XCBuildConfiguration section */
		C84223BF2E4FB52A003E73E3 /* Debug configuration for PBXNativeTarget "NicNarkShortcutsIntents" */ = {
			isa = XCBuildConfiguration;
			buildSettings = {
				CODE_SIGN_IDENTITY = "Apple Development";
				CODE_SIGN_STYLE = Automatic;
				CURRENT_PROJECT_VERSION = 1;
				DEVELOPMENT_TEAM = 69LLXLJW63;
				GENERATE_INFOPLIST_FILE = YES;
				INFOPLIST_FILE = NicNarkShortcutsIntents/Info.plist;
				INFOPLIST_KEY_CFBundleDisplayName = NicNarkShortcutsIntents;
				INFOPLIST_KEY_NSHumanReadableCopyright = "";
				IPHONEOS_DEPLOYMENT_TARGET = 18.6;
				LD_RUNPATH_SEARCH_PATHS = (
					"$(inherited)",
					"@executable_path/Frameworks",
					"@executable_path/../../Frameworks",
				);
				MARKETING_VERSION = 1.0;
				PRODUCT_BUNDLE_IDENTIFIER = "ConnorNeedling.nicnark-2.NicNarkShortcutsIntents";
				PRODUCT_NAME = "$(TARGET_NAME)";
				SKIP_INSTALL = YES;
				STRING_CATALOG_GENERATE_SYMBOLS = YES;
				SWIFT_APPROACHABLE_CONCURRENCY = YES;
				SWIFT_EMIT_LOC_STRINGS = YES;
				SWIFT_UPCOMING_FEATURE_MEMBER_IMPORT_VISIBILITY = YES;
				SWIFT_VERSION = 5.0;
				TARGETED_DEVICE_FAMILY = 1;
			};
			name = Debug;
		};
		C84223C02E4FB52A003E73E3 /* Release configuration for PBXNativeTarget "NicNarkShortcutsIntents" */ = {
			isa = XCBuildConfiguration;
			buildSettings = {
				CODE_SIGN_IDENTITY = "Apple Development";
				CODE_SIGN_STYLE = Automatic;
				CURRENT_PROJECT_VERSION = 1;
				DEVELOPMENT_TEAM = 69LLXLJW63;
				GENERATE_INFOPLIST_FILE = YES;
				INFOPLIST_FILE = NicNarkShortcutsIntents/Info.plist;
				INFOPLIST_KEY_CFBundleDisplayName = NicNarkShortcutsIntents;
				INFOPLIST_KEY_NSHumanReadableCopyright = "";
				IPHONEOS_DEPLOYMENT_TARGET = 18.6;
				LD_RUNPATH_SEARCH_PATHS = (
					"$(inherited)",
					"@executable_path/Frameworks",
					"@executable_path/../../Frameworks",
				);
				MARKETING_VERSION = 1.0;
				PRODUCT_BUNDLE_IDENTIFIER = "ConnorNeedling.nicnark-2.NicNarkShortcutsIntents";
				PRODUCT_NAME = "$(TARGET_NAME)";
				SKIP_INSTALL = YES;
				STRING_CATALOG_GENERATE_SYMBOLS = YES;
				SWIFT_APPROACHABLE_CONCURRENCY = YES;
				SWIFT_EMIT_LOC_STRINGS = YES;
				SWIFT_UPCOMING_FEATURE_MEMBER_IMPORT_VISIBILITY = YES;
				SWIFT_VERSION = 5.0;
				TARGETED_DEVICE_FAMILY = 1;
			};
			name = Release;
		};
		C8D96E582E40739F002AA8C9 /* Debug configuration for PBXNativeTarget "AbsorptionTimerWidgetExtension" */ = {
			isa = XCBuildConfiguration;
			buildSettings = {
				ASSETCATALOG_COMPILER_GLOBAL_ACCENT_COLOR_NAME = AccentColor;
				ASSETCATALOG_COMPILER_WIDGET_BACKGROUND_COLOR_NAME = WidgetBackground;
				CODE_SIGN_ENTITLEMENTS = AbsorptionTimerWidgetExtension.entitlements;
				CODE_SIGN_IDENTITY = "Apple Development";
				CODE_SIGN_STYLE = Automatic;
				CURRENT_PROJECT_VERSION = 1;
				DEVELOPMENT_TEAM = 69LLXLJW63;
				GENERATE_INFOPLIST_FILE = YES;
				INFOPLIST_FILE = AbsorptionTimerWidget/Info.plist;
				INFOPLIST_KEY_CFBundleDisplayName = AbsorptionTimerWidget;
				INFOPLIST_KEY_NSHumanReadableCopyright = "";
				LD_RUNPATH_SEARCH_PATHS = (
					"$(inherited)",
					"@executable_path/Frameworks",
					"@executable_path/../../Frameworks",
				);
				MARKETING_VERSION = 1.0;
				PRODUCT_BUNDLE_IDENTIFIER = "ConnorNeedling.nicnark-2.AbsorptionTimerWidget";
				PRODUCT_NAME = "$(TARGET_NAME)";
				SKIP_INSTALL = YES;
				SWIFT_EMIT_LOC_STRINGS = YES;
				SWIFT_VERSION = 5.0;
				TARGETED_DEVICE_FAMILY = 1;
			};
			name = Debug;
		};
		C8D96E592E40739F002AA8C9 /* Release configuration for PBXNativeTarget "AbsorptionTimerWidgetExtension" */ = {
			isa = XCBuildConfiguration;
			buildSettings = {
				ASSETCATALOG_COMPILER_GLOBAL_ACCENT_COLOR_NAME = AccentColor;
				ASSETCATALOG_COMPILER_WIDGET_BACKGROUND_COLOR_NAME = WidgetBackground;
				CODE_SIGN_ENTITLEMENTS = AbsorptionTimerWidgetExtension.entitlements;
				CODE_SIGN_IDENTITY = "Apple Development";
				CODE_SIGN_STYLE = Automatic;
				CURRENT_PROJECT_VERSION = 1;
				DEVELOPMENT_TEAM = 69LLXLJW63;
				GENERATE_INFOPLIST_FILE = YES;
				INFOPLIST_FILE = AbsorptionTimerWidget/Info.plist;
				INFOPLIST_KEY_CFBundleDisplayName = AbsorptionTimerWidget;
				INFOPLIST_KEY_NSHumanReadableCopyright = "";
				LD_RUNPATH_SEARCH_PATHS = (
					"$(inherited)",
					"@executable_path/Frameworks",
					"@executable_path/../../Frameworks",
				);
				MARKETING_VERSION = 1.0;
				PRODUCT_BUNDLE_IDENTIFIER = "ConnorNeedling.nicnark-2.AbsorptionTimerWidget";
				PRODUCT_NAME = "$(TARGET_NAME)";
				SKIP_INSTALL = YES;
				SWIFT_EMIT_LOC_STRINGS = YES;
				SWIFT_VERSION = 5.0;
				TARGETED_DEVICE_FAMILY = 1;
			};
			name = Release;
		};
		C8E730842E405AC900F0C29D /* Debug configuration for PBXNativeTarget "nicnark-2" */ = {
			isa = XCBuildConfiguration;
			buildSettings = {
				ASSETCATALOG_COMPILER_APPICON_NAME = AppIcon;
				ASSETCATALOG_COMPILER_GLOBAL_ACCENT_COLOR_NAME = AccentColor;
				CODE_SIGN_ENTITLEMENTS = "nicnark-2/nicnark_2.entitlements";
				CODE_SIGN_IDENTITY = "Apple Development";
				CODE_SIGN_STYLE = Automatic;
				CURRENT_PROJECT_VERSION = 1;
				DEVELOPMENT_TEAM = 69LLXLJW63;
				ENABLE_APP_SANDBOX = YES;
				ENABLE_PREVIEWS = YES;
				ENABLE_USER_SELECTED_FILES = readonly;
				GENERATE_INFOPLIST_FILE = YES;
				INFOPLIST_FILE = "nicnark-2/Info.plist";
				INFOPLIST_KEY_CFBundleDisplayName = NicNark;
				INFOPLIST_KEY_LSApplicationCategoryType = "public.app-category.utilities";
				INFOPLIST_KEY_NSSupportsLiveActivities = YES;
				INFOPLIST_KEY_UIApplicationSceneManifest_Generation = YES;
				INFOPLIST_KEY_UIApplicationSupportsIndirectInputEvents = YES;
				INFOPLIST_KEY_UILaunchScreen_Generation = YES;
				INFOPLIST_KEY_UISupportedInterfaceOrientations = "UIInterfaceOrientationLandscapeLeft UIInterfaceOrientationLandscapeRight UIInterfaceOrientationPortrait UIInterfaceOrientationPortraitUpsideDown";
				IPHONEOS_DEPLOYMENT_TARGET = 18.6;
				LD_RUNPATH_SEARCH_PATHS = (
					"$(inherited)",
					"@executable_path/Frameworks",
				);
				MARKETING_VERSION = 1.0;
				PRODUCT_BUNDLE_IDENTIFIER = "ConnorNeedling.nicnark-2";
				PRODUCT_NAME = "$(TARGET_NAME)";
				PROVISIONING_PROFILE_SPECIFIER = "";
				SUPPORTED_PLATFORMS = "iphoneos iphonesimulator";
				SUPPORTS_MACCATALYST = NO;
				SWIFT_EMIT_LOC_STRINGS = YES;
				SWIFT_VERSION = 5.0;
				TARGETED_DEVICE_FAMILY = "1,2";
			};
			name = Debug;
		};
		C8E730852E405AC900F0C29D /* Release configuration for PBXNativeTarget "nicnark-2" */ = {
			isa = XCBuildConfiguration;
			buildSettings = {
				ASSETCATALOG_COMPILER_APPICON_NAME = AppIcon;
				ASSETCATALOG_COMPILER_GLOBAL_ACCENT_COLOR_NAME = AccentColor;
				CODE_SIGN_ENTITLEMENTS = "nicnark-2/nicnark_2.entitlements";
				CODE_SIGN_IDENTITY = "Apple Development";
				CODE_SIGN_STYLE = Automatic;
				CURRENT_PROJECT_VERSION = 1;
				DEVELOPMENT_TEAM = 69LLXLJW63;
				ENABLE_APP_SANDBOX = YES;
				ENABLE_PREVIEWS = YES;
				ENABLE_USER_SELECTED_FILES = readonly;
				GENERATE_INFOPLIST_FILE = YES;
				INFOPLIST_FILE = "nicnark-2/Info.plist";
				INFOPLIST_KEY_CFBundleDisplayName = NicNark;
				INFOPLIST_KEY_LSApplicationCategoryType = "public.app-category.utilities";
				INFOPLIST_KEY_NSSupportsLiveActivities = YES;
				INFOPLIST_KEY_UIApplicationSceneManifest_Generation = YES;
				INFOPLIST_KEY_UIApplicationSupportsIndirectInputEvents = YES;
				INFOPLIST_KEY_UILaunchScreen_Generation = YES;
				INFOPLIST_KEY_UISupportedInterfaceOrientations = "UIInterfaceOrientationLandscapeLeft UIInterfaceOrientationLandscapeRight UIInterfaceOrientationPortrait UIInterfaceOrientationPortraitUpsideDown";
				IPHONEOS_DEPLOYMENT_TARGET = 18.6;
				LD_RUNPATH_SEARCH_PATHS = (
					"$(inherited)",
					"@executable_path/Frameworks",
				);
				MARKETING_VERSION = 1.0;
				PRODUCT_BUNDLE_IDENTIFIER = "ConnorNeedling.nicnark-2";
				PRODUCT_NAME = "$(TARGET_NAME)";
				PROVISIONING_PROFILE_SPECIFIER = "";
				SUPPORTED_PLATFORMS = "iphoneos iphonesimulator";
				SUPPORTS_MACCATALYST = NO;
				SWIFT_EMIT_LOC_STRINGS = YES;
				SWIFT_VERSION = 5.0;
				TARGETED_DEVICE_FAMILY = "1,2";
			};
			name = Release;
		};
		C8E730862E405AC900F0C29D /* Debug configuration for PBXProject "nicnark-2" */ = {
			isa = XCBuildConfiguration;
			buildSettings = {
				ALWAYS_SEARCH_USER_PATHS = NO;
				ASSETCATALOG_COMPILER_GENERATE_SWIFT_ASSET_SYMBOL_EXTENSIONS = YES;
				CLANG_ANALYZER_NONNULL = YES;
				CLANG_ANALYZER_NUMBER_OBJECT_CONVERSION = YES_AGGRESSIVE;
				CLANG_CXX_LANGUAGE_STANDARD = "gnu++20";
				CLANG_ENABLE_MODULES = YES;
				CLANG_ENABLE_OBJC_ARC = YES;
				CLANG_ENABLE_OBJC_WEAK = YES;
				CLANG_WARN_BLOCK_CAPTURE_AUTORELEASING = YES;
				CLANG_WARN_BOOL_CONVERSION = YES;
				CLANG_WARN_COMMA = YES;
				CLANG_WARN_CONSTANT_CONVERSION = YES;
				CLANG_WARN_DEPRECATED_OBJC_IMPLEMENTATIONS = YES;
				CLANG_WARN_DIRECT_OBJC_ISA_USAGE = YES_ERROR;
				CLANG_WARN_DOCUMENTATION_COMMENTS = YES;
				CLANG_WARN_EMPTY_BODY = YES;
				CLANG_WARN_ENUM_CONVERSION = YES;
				CLANG_WARN_INFINITE_RECURSION = YES;
				CLANG_WARN_INT_CONVERSION = YES;
				CLANG_WARN_NON_LITERAL_NULL_CONVERSION = YES;
				CLANG_WARN_OBJC_IMPLICIT_RETAIN_SELF = YES;
				CLANG_WARN_OBJC_LITERAL_CONVERSION = YES;
				CLANG_WARN_OBJC_ROOT_CLASS = YES_ERROR;
				CLANG_WARN_QUOTED_INCLUDE_IN_FRAMEWORK_HEADER = YES;
				CLANG_WARN_RANGE_LOOP_ANALYSIS = YES;
				CLANG_WARN_STRICT_PROTOTYPES = YES;
				CLANG_WARN_SUSPICIOUS_MOVE = YES;
				CLANG_WARN_UNGUARDED_AVAILABILITY = YES_AGGRESSIVE;
				CLANG_WARN_UNREACHABLE_CODE = YES;
				CLANG_WARN__DUPLICATE_METHOD_MATCH = YES;
				COPY_PHASE_STRIP = NO;
				DEBUG_INFORMATION_FORMAT = dwarf;
				DEVELOPMENT_TEAM = 69LLXLJW63;
				ENABLE_STRICT_OBJC_MSGSEND = YES;
				ENABLE_TESTABILITY = YES;
				ENABLE_USER_SCRIPT_SANDBOXING = YES;
				GCC_C_LANGUAGE_STANDARD = gnu17;
				GCC_DYNAMIC_NO_PIC = NO;
				GCC_NO_COMMON_BLOCKS = YES;
				GCC_OPTIMIZATION_LEVEL = 0;
				GCC_PREPROCESSOR_DEFINITIONS = (
					"DEBUG=1",
					"$(inherited)",
				);
				GCC_WARN_64_TO_32_BIT_CONVERSION = YES;
				GCC_WARN_ABOUT_RETURN_TYPE = YES_ERROR;
				GCC_WARN_UNDECLARED_SELECTOR = YES;
				GCC_WARN_UNINITIALIZED_AUTOS = YES_AGGRESSIVE;
				GCC_WARN_UNUSED_FUNCTION = YES;
				GCC_WARN_UNUSED_VARIABLE = YES;
				IPHONEOS_DEPLOYMENT_TARGET = 18.6;
				LOCALIZATION_PREFERS_STRING_CATALOGS = YES;
				MTL_ENABLE_DEBUG_INFO = INCLUDE_SOURCE;
				MTL_FAST_MATH = YES;
				ONLY_ACTIVE_ARCH = YES;
				SDKROOT = iphoneos;
				STRING_CATALOG_GENERATE_SYMBOLS = YES;
				SWIFT_ACTIVE_COMPILATION_CONDITIONS = "DEBUG $(inherited)";
				SWIFT_OPTIMIZATION_LEVEL = "-Onone";
			};
			name = Debug;
		};
		C8E730872E405AC900F0C29D /* Release configuration for PBXProject "nicnark-2" */ = {
			isa = XCBuildConfiguration;
			buildSettings = {
				ALWAYS_SEARCH_USER_PATHS = NO;
				ASSETCATALOG_COMPILER_GENERATE_SWIFT_ASSET_SYMBOL_EXTENSIONS = YES;
				CLANG_ANALYZER_NONNULL = YES;
				CLANG_ANALYZER_NUMBER_OBJECT_CONVERSION = YES_AGGRESSIVE;
				CLANG_CXX_LANGUAGE_STANDARD = "gnu++20";
				CLANG_ENABLE_MODULES = YES;
				CLANG_ENABLE_OBJC_ARC = YES;
				CLANG_ENABLE_OBJC_WEAK = YES;
				CLANG_WARN_BLOCK_CAPTURE_AUTORELEASING = YES;
				CLANG_WARN_BOOL_CONVERSION = YES;
				CLANG_WARN_COMMA = YES;
				CLANG_WARN_CONSTANT_CONVERSION = YES;
				CLANG_WARN_DEPRECATED_OBJC_IMPLEMENTATIONS = YES;
				CLANG_WARN_DIRECT_OBJC_ISA_USAGE = YES_ERROR;
				CLANG_WARN_DOCUMENTATION_COMMENTS = YES;
				CLANG_WARN_EMPTY_BODY = YES;
				CLANG_WARN_ENUM_CONVERSION = YES;
				CLANG_WARN_INFINITE_RECURSION = YES;
				CLANG_WARN_INT_CONVERSION = YES;
				CLANG_WARN_NON_LITERAL_NULL_CONVERSION = YES;
				CLANG_WARN_OBJC_IMPLICIT_RETAIN_SELF = YES;
				CLANG_WARN_OBJC_LITERAL_CONVERSION = YES;
				CLANG_WARN_OBJC_ROOT_CLASS = YES_ERROR;
				CLANG_WARN_QUOTED_INCLUDE_IN_FRAMEWORK_HEADER = YES;
				CLANG_WARN_RANGE_LOOP_ANALYSIS = YES;
				CLANG_WARN_STRICT_PROTOTYPES = YES;
				CLANG_WARN_SUSPICIOUS_MOVE = YES;
				CLANG_WARN_UNGUARDED_AVAILABILITY = YES_AGGRESSIVE;
				CLANG_WARN_UNREACHABLE_CODE = YES;
				CLANG_WARN__DUPLICATE_METHOD_MATCH = YES;
				COPY_PHASE_STRIP = NO;
				DEBUG_INFORMATION_FORMAT = "dwarf-with-dsym";
				DEVELOPMENT_TEAM = 69LLXLJW63;
				ENABLE_NS_ASSERTIONS = NO;
				ENABLE_STRICT_OBJC_MSGSEND = YES;
				ENABLE_USER_SCRIPT_SANDBOXING = YES;
				GCC_C_LANGUAGE_STANDARD = gnu17;
				GCC_NO_COMMON_BLOCKS = YES;
				GCC_WARN_64_TO_32_BIT_CONVERSION = YES;
				GCC_WARN_ABOUT_RETURN_TYPE = YES_ERROR;
				GCC_WARN_UNDECLARED_SELECTOR = YES;
				GCC_WARN_UNINITIALIZED_AUTOS = YES_AGGRESSIVE;
				GCC_WARN_UNUSED_FUNCTION = YES;
				GCC_WARN_UNUSED_VARIABLE = YES;
				IPHONEOS_DEPLOYMENT_TARGET = 18.6;
				LOCALIZATION_PREFERS_STRING_CATALOGS = YES;
				MTL_ENABLE_DEBUG_INFO = NO;
				MTL_FAST_MATH = YES;
				SDKROOT = iphoneos;
				STRING_CATALOG_GENERATE_SYMBOLS = YES;
				SWIFT_COMPILATION_MODE = wholemodule;
				VALIDATE_PRODUCT = YES;
			};
			name = Release;
		};
		C8E730892E405AC900F0C29D /* Debug configuration for PBXNativeTarget "nicnark-2Tests" */ = {
			isa = XCBuildConfiguration;
			buildSettings = {
				BUNDLE_LOADER = "$(TEST_HOST)";
				CODE_SIGN_STYLE = Automatic;
				CURRENT_PROJECT_VERSION = 1;
				DEVELOPMENT_TEAM = 69LLXLJW63;
				GENERATE_INFOPLIST_FILE = YES;
				IPHONEOS_DEPLOYMENT_TARGET = 18.5;
				MARKETING_VERSION = 1.0;
				PRODUCT_BUNDLE_IDENTIFIER = "ConnorNeedling.nicnark-2Tests";
				PRODUCT_NAME = "$(TARGET_NAME)";
				SWIFT_EMIT_LOC_STRINGS = NO;
				SWIFT_VERSION = 5.0;
				TARGETED_DEVICE_FAMILY = "1,2";
				TEST_HOST = "$(BUILT_PRODUCTS_DIR)/nicnark-2.app/$(BUNDLE_EXECUTABLE_FOLDER_PATH)/nicnark-2";
			};
			name = Debug;
		};
		C8E7308A2E405AC900F0C29D /* Release configuration for PBXNativeTarget "nicnark-2Tests" */ = {
			isa = XCBuildConfiguration;
			buildSettings = {
				BUNDLE_LOADER = "$(TEST_HOST)";
				CODE_SIGN_STYLE = Automatic;
				CURRENT_PROJECT_VERSION = 1;
				DEVELOPMENT_TEAM = 69LLXLJW63;
				GENERATE_INFOPLIST_FILE = YES;
				IPHONEOS_DEPLOYMENT_TARGET = 18.5;
				MARKETING_VERSION = 1.0;
				PRODUCT_BUNDLE_IDENTIFIER = "ConnorNeedling.nicnark-2Tests";
				PRODUCT_NAME = "$(TARGET_NAME)";
				SWIFT_EMIT_LOC_STRINGS = NO;
				SWIFT_VERSION = 5.0;
				TARGETED_DEVICE_FAMILY = "1,2";
				TEST_HOST = "$(BUILT_PRODUCTS_DIR)/nicnark-2.app/$(BUNDLE_EXECUTABLE_FOLDER_PATH)/nicnark-2";
			};
			name = Release;
		};
		C8E7308C2E405AC900F0C29D /* Debug configuration for PBXNativeTarget "nicnark-2UITests" */ = {
			isa = XCBuildConfiguration;
			buildSettings = {
				CODE_SIGN_STYLE = Automatic;
				CURRENT_PROJECT_VERSION = 1;
				DEVELOPMENT_TEAM = 69LLXLJW63;
				GENERATE_INFOPLIST_FILE = YES;
				MARKETING_VERSION = 1.0;
				PRODUCT_BUNDLE_IDENTIFIER = "ConnorNeedling.nicnark-2UITests";
				PRODUCT_NAME = "$(TARGET_NAME)";
				SWIFT_EMIT_LOC_STRINGS = NO;
				SWIFT_VERSION = 5.0;
				TARGETED_DEVICE_FAMILY = "1,2";
				TEST_TARGET_NAME = "nicnark-2";
			};
			name = Debug;
		};
		C8E7308D2E405AC900F0C29D /* Release configuration for PBXNativeTarget "nicnark-2UITests" */ = {
			isa = XCBuildConfiguration;
			buildSettings = {
				CODE_SIGN_STYLE = Automatic;
				CURRENT_PROJECT_VERSION = 1;
				DEVELOPMENT_TEAM = 69LLXLJW63;
				GENERATE_INFOPLIST_FILE = YES;
				MARKETING_VERSION = 1.0;
				PRODUCT_BUNDLE_IDENTIFIER = "ConnorNeedling.nicnark-2UITests";
				PRODUCT_NAME = "$(TARGET_NAME)";
				SWIFT_EMIT_LOC_STRINGS = NO;
				SWIFT_VERSION = 5.0;
				TARGETED_DEVICE_FAMILY = "1,2";
				TEST_TARGET_NAME = "nicnark-2";
			};
			name = Release;
		};
/* End XCBuildConfiguration section */

/* Begin XCConfigurationList section */
		C84223C12E4FB52A003E73E3 /* Build configuration list for PBXNativeTarget "NicNarkShortcutsIntents" */ = {
			isa = XCConfigurationList;
			buildConfigurations = (
				C84223BF2E4FB52A003E73E3 /* Debug configuration for PBXNativeTarget "NicNarkShortcutsIntents" */,
				C84223C02E4FB52A003E73E3 /* Release configuration for PBXNativeTarget "NicNarkShortcutsIntents" */,
			);
			defaultConfigurationName = Debug;
		};
		C8D96E5A2E40739F002AA8C9 /* Build configuration list for PBXNativeTarget "AbsorptionTimerWidgetExtension" */ = {
			isa = XCConfigurationList;
			buildConfigurations = (
				C8D96E582E40739F002AA8C9 /* Debug configuration for PBXNativeTarget "AbsorptionTimerWidgetExtension" */,
				C8D96E592E40739F002AA8C9 /* Release configuration for PBXNativeTarget "AbsorptionTimerWidgetExtension" */,
			);
			defaultConfigurationName = Debug;
		};
		C8E730572E405AC700F0C29D /* Build configuration list for PBXProject "nicnark-2" */ = {
			isa = XCConfigurationList;
			buildConfigurations = (
				C8E730862E405AC900F0C29D /* Debug configuration for PBXProject "nicnark-2" */,
				C8E730872E405AC900F0C29D /* Release configuration for PBXProject "nicnark-2" */,
			);
			defaultConfigurationName = Debug;
		};
		C8E730832E405AC900F0C29D /* Build configuration list for PBXNativeTarget "nicnark-2" */ = {
			isa = XCConfigurationList;
			buildConfigurations = (
				C8E730842E405AC900F0C29D /* Debug configuration for PBXNativeTarget "nicnark-2" */,
				C8E730852E405AC900F0C29D /* Release configuration for PBXNativeTarget "nicnark-2" */,
			);
			defaultConfigurationName = Debug;
		};
		C8E730882E405AC900F0C29D /* Build configuration list for PBXNativeTarget "nicnark-2Tests" */ = {
			isa = XCConfigurationList;
			buildConfigurations = (
				C8E730892E405AC900F0C29D /* Debug configuration for PBXNativeTarget "nicnark-2Tests" */,
				C8E7308A2E405AC900F0C29D /* Release configuration for PBXNativeTarget "nicnark-2Tests" */,
			);
			defaultConfigurationName = Debug;
		};
		C8E7308B2E405AC900F0C29D /* Build configuration list for PBXNativeTarget "nicnark-2UITests" */ = {
			isa = XCConfigurationList;
			buildConfigurations = (
				C8E7308C2E405AC900F0C29D /* Debug configuration for PBXNativeTarget "nicnark-2UITests" */,
				C8E7308D2E405AC900F0C29D /* Release configuration for PBXNativeTarget "nicnark-2UITests" */,
			);
			defaultConfigurationName = Debug;
		};
/* End XCConfigurationList section */
	};
	rootObject = C8E730542E405AC700F0C29D /* Project object */;
}
