// !$*UTF8*$!
{
	archiveVersion = 1;
	classes = {
	};
	objectVersion = 77;
	objects = {

/* Begin PBXContainerItemProxy section */
		C8E730712E405AC900F0C29D /* PBXContainerItemProxy */ = {
			isa = PBXContainerItemProxy;
			containerPortal = C8E730542E405AC700F0C29D /* Project object */;
			proxyType = 1;
			remoteGlobalIDString = C8E7305B2E405AC700F0C29D;
			remoteInfo = "nicnark-2";
		};
		C8E7307B2E405AC900F0C29D /* PBXContainerItemProxy */ = {
			isa = PBXContainerItemProxy;
			containerPortal = C8E730542E405AC700F0C29D /* Project object */;
			proxyType = 1;
			remoteGlobalIDString = C8E7305B2E405AC700F0C29D;
			remoteInfo = "nicnark-2";
		};
/* End PBXContainerItemProxy section */

/* Begin PBXFileReference section */
		C8E7305C2E405AC700F0C29D /* nicnark-2.app */ = {isa = PBXFileReference; explicitFileType = wrapper.application; includeInIndex = 0; path = "nicnark-2.app"; sourceTree = BUILT_PRODUCTS_DIR; };
		C8E730702E405AC900F0C29D /* nicnark-2Tests.xctest */ = {isa = PBXFileReference; explicitFileType = wrapper.cfbundle; includeInIndex = 0; path = "nicnark-2Tests.xctest"; sourceTree = BUILT_PRODUCTS_DIR; };
		C8E7307A2E405AC900F0C29D /* nicnark-2UITests.xctest */ = {isa = PBXFileReference; explicitFileType = wrapper.cfbundle; includeInIndex = 0; path = "nicnark-2UITests.xctest"; sourceTree = BUILT_PRODUCTS_DIR; };
/* End PBXFileReference section */

/* Begin PBXFileSystemSynchronizedBuildFileExceptionSet section */
		C8E730822E405AC900F0C29D /* Exceptions for "nicnark-2" folder in "nicnark-2" target */ = {
			isa = PBXFileSystemSynchronizedBuildFileExceptionSet;
			membershipExceptions = (
				Info.plist,
			);
			target = C8E7305B2E405AC700F0C29D /* nicnark-2 */;
		};
/* End PBXFileSystemSynchronizedBuildFileExceptionSet section */

/* Begin PBXFileSystemSynchronizedRootGroup section */
		C8E7305E2E405AC700F0C29D /* nicnark-2 */ = {
			isa = PBXFileSystemSynchronizedRootGroup;
			exceptions = (
				C8E730822E405AC900F0C29D /* Exceptions for "nicnark-2" folder in "nicnark-2" target */,
			);
			path = "nicnark-2";
			sourceTree = "<group>";
		};
		C8E730732E405AC900F0C29D /* nicnark-2Tests */ = {
			isa = PBXFileSystemSynchronizedRootGroup;
			path = "nicnark-2Tests";
			sourceTree = "<group>";
		};
		C8E7307D2E405AC900F0C29D /* nicnark-2UITests */ = {
			isa = PBXFileSystemSynchronizedRootGroup;
			path = "nicnark-2UITests";
			sourceTree = "<group>";
		};
/* End PBXFileSystemSynchronizedRootGroup section */

/* Begin PBXFrameworksBuildPhase section */
		C8E730592E405AC700F0C29D /* Frameworks */ = {
			isa = PBXFrameworksBuildPhase;
			buildActionMask = 2147483647;
			files = (
			);
			runOnlyForDeploymentPostprocessing = 0;
		};
		C8E7306D2E405AC900F0C29D /* Frameworks */ = {
			isa = PBXFrameworksBuildPhase;
			buildActionMask = 2147483647;
			files = (
			);
			runOnlyForDeploymentPostprocessing = 0;
		};
		C8E730772E405AC900F0C29D /* Frameworks */ = {
			isa = PBXFrameworksBuildPhase;
			buildActionMask = 2147483647;
			files = (
			);
			runOnlyForDeploymentPostprocessing = 0;
		};
/* End PBXFrameworksBuildPhase section */

/* Begin PBXGroup section */
		C8E730532E405AC700F0C29D = {
			isa = PBXGroup;
			children = (
				C8E7305E2E405AC700F0C29D /* nicnark-2 */,
				C8E730732E405AC900F0C29D /* nicnark-2Tests */,
				C8E7307D2E405AC900F0C29D /* nicnark-2UITests */,
				C8E7305D2E405AC700F0C29D /* Products */,
			);
			sourceTree = "<group>";
		};
		C8E7305D2E405AC700F0C29D /* Products */ = {
			isa = PBXGroup;
			children = (
				C8E7305C2E405AC700F0C29D /* nicnark-2.app */,
				C8E730702E405AC900F0C29D /* nicnark-2Tests.xctest */,
				C8E7307A2E405AC900F0C29D /* nicnark-2UITests.xctest */,
			);
			name = Products;
			sourceTree = "<group>";
		};
/* End PBXGroup section */

/* Begin PBXNativeTarget section */
		C8E7305B2E405AC700F0C29D /* nicnark-2 */ = {
			isa = PBXNativeTarget;
			buildConfigurationList = C8E730832E405AC900F0C29D /* Build configuration list for PBXNativeTarget "nicnark-2" */;
			buildPhases = (
				C8E730582E405AC700F0C29D /* Sources */,
				C8E730592E405AC700F0C29D /* Frameworks */,
				C8E7305A2E405AC700F0C29D /* Resources */,
			);
			buildRules = (
			);
			dependencies = (
			);
			fileSystemSynchronizedGroups = (
				C8E7305E2E405AC700F0C29D /* nicnark-2 */,
			);
			name = "nicnark-2";
			packageProductDependencies = (
			);
			productName = "nicnark-2";
			productReference = C8E7305C2E405AC700F0C29D /* nicnark-2.app */;
			productType = "com.apple.product-type.application";
		};
		C8E7306F2E405AC900F0C29D /* nicnark-2Tests */ = {
			isa = PBXNativeTarget;
			buildConfigurationList = C8E730882E405AC900F0C29D /* Build configuration list for PBXNativeTarget "nicnark-2Tests" */;
			buildPhases = (
				C8E7306C2E405AC900F0C29D /* Sources */,
				C8E7306D2E405AC900F0C29D /* Frameworks */,
				C8E7306E2E405AC900F0C29D /* Resources */,
			);
			buildRules = (
			);
			dependencies = (
				C8E730722E405AC900F0C29D /* PBXTargetDependency */,
			);
			fileSystemSynchronizedGroups = (
				C8E730732E405AC900F0C29D /* nicnark-2Tests */,
			);
			name = "nicnark-2Tests";
			packageProductDependencies = (
			);
			productName = "nicnark-2Tests";
			productReference = C8E730702E405AC900F0C29D /* nicnark-2Tests.xctest */;
			productType = "com.apple.product-type.bundle.unit-test";
		};
		C8E730792E405AC900F0C29D /* nicnark-2UITests */ = {
			isa = PBXNativeTarget;
			buildConfigurationList = C8E7308B2E405AC900F0C29D /* Build configuration list for PBXNativeTarget "nicnark-2UITests" */;
			buildPhases = (
				C8E730762E405AC900F0C29D /* Sources */,
				C8E730772E405AC900F0C29D /* Frameworks */,
				C8E730782E405AC900F0C29D /* Resources */,
			);
			buildRules = (
			);
			dependencies = (
				C8E7307C2E405AC900F0C29D /* PBXTargetDependency */,
			);
			fileSystemSynchronizedGroups = (
				C8E7307D2E405AC900F0C29D /* nicnark-2UITests */,
			);
			name = "nicnark-2UITests";
			packageProductDependencies = (
			);
			productName = "nicnark-2UITests";
			productReference = C8E7307A2E405AC900F0C29D /* nicnark-2UITests.xctest */;
			productType = "com.apple.product-type.bundle.ui-testing";
		};
/* End PBXNativeTarget section */

/* Begin PBXProject section */
		C8E730542E405AC700F0C29D /* Project object */ = {
			isa = PBXProject;
			attributes = {
				BuildIndependentTargetsInParallel = 1;
				LastSwiftUpdateCheck = 1640;
				LastUpgradeCheck = 1640;
				TargetAttributes = {
					C8E7305B2E405AC700F0C29D = {
						CreatedOnToolsVersion = 16.4;
					};
					C8E7306F2E405AC900F0C29D = {
						CreatedOnToolsVersion = 16.4;
						TestTargetID = C8E7305B2E405AC700F0C29D;
					};
					C8E730792E405AC900F0C29D = {
						CreatedOnToolsVersion = 16.4;
						TestTargetID = C8E7305B2E405AC700F0C29D;
					};
				};
			};
			buildConfigurationList = C8E730572E405AC700F0C29D /* Build configuration list for PBXProject "nicnark-2" */;
			developmentRegion = en;
			hasScannedForEncodings = 0;
			knownRegions = (
				en,
				Base,
			);
			mainGroup = C8E730532E405AC700F0C29D;
			minimizedProjectReferenceProxies = 1;
			preferredProjectObjectVersion = 77;
			productRefGroup = C8E7305D2E405AC700F0C29D /* Products */;
			projectDirPath = "";
			projectRoot = "";
			targets = (
				C8E7305B2E405AC700F0C29D /* nicnark-2 */,
				C8E7306F2E405AC900F0C29D /* nicnark-2Tests */,
				C8E730792E405AC900F0C29D /* nicnark-2UITests */,
			);
		};
/* End PBXProject section */

/* Begin PBXResourcesBuildPhase section */
		C8E7305A2E405AC700F0C29D /* Resources */ = {
			isa = PBXResourcesBuildPhase;
			buildActionMask = 2147483647;
			files = (
			);
			runOnlyForDeploymentPostprocessing = 0;
		};
		C8E7306E2E405AC900F0C29D /* Resources */ = {
			isa = PBXResourcesBuildPhase;
			buildActionMask = 2147483647;
			files = (
			);
			runOnlyForDeploymentPostprocessing = 0;
		};
		C8E730782E405AC900F0C29D /* Resources */ = {
			isa = PBXResourcesBuildPhase;
			buildActionMask = 2147483647;
			files = (
			);
			runOnlyForDeploymentPostprocessing = 0;
		};
/* End PBXResourcesBuildPhase section */

/* Begin PBXSourcesBuildPhase section */
		C8E730582E405AC700F0C29D /* Sources */ = {
			isa = PBXSourcesBuildPhase;
			buildActionMask = 2147483647;
			files = (
			);
			runOnlyForDeploymentPostprocessing = 0;
		};
		C8E7306C2E405AC900F0C29D /* Sources */ = {
			isa = PBXSourcesBuildPhase;
			buildActionMask = 2147483647;
			files = (
			);
			runOnlyForDeploymentPostprocessing = 0;
		};
		C8E730762E405AC900F0C29D /* Sources */ = {
			isa = PBXSourcesBuildPhase;
			buildActionMask = 2147483647;
			files = (
			);
			runOnlyForDeploymentPostprocessing = 0;
		};
/* End PBXSourcesBuildPhase section */

/* Begin PBXTargetDependency section */
		C8E730722E405AC900F0C29D /* PBXTargetDependency */ = {
			isa = PBXTargetDependency;
			target = C8E7305B2E405AC700F0C29D /* nicnark-2 */;
			targetProxy = C8E730712E405AC900F0C29D /* PBXContainerItemProxy */;
		};
		C8E7307C2E405AC900F0C29D /* PBXTargetDependency */ = {
			isa = PBXTargetDependency;
			target = C8E7305B2E405AC700F0C29D /* nicnark-2 */;
			targetProxy = C8E7307B2E405AC900F0C29D /* PBXContainerItemProxy */;
		};
/* End PBXTargetDependency section */

/* Begin XCBuildConfiguration section */
		C8E730842E405AC900F0C29D /* Debug */ = {
			isa = XCBuildConfiguration;
			buildSettings = {
				ASSETCATALOG_COMPILER_APPICON_NAME = AppIcon;
				ASSETCATALOG_COMPILER_GLOBAL_ACCENT_COLOR_NAME = AccentColor;
				CODE_SIGN_ENTITLEMENTS = "nicnark-2/nicnark_2.entitlements";
				CODE_SIGN_STYLE = Automatic;
				CURRENT_PROJECT_VERSION = 1;
				DEVELOPMENT_TEAM = 69LLXLJW63;
				ENABLE_PREVIEWS = YES;
				GENERATE_INFOPLIST_FILE = YES;
				INFOPLIST_FILE = "nicnark-2/Info.plist";
				INFOPLIST_KEY_UIApplicationSceneManifest_Generation = YES;
				INFOPLIST_KEY_UIApplicationSupportsIndirectInputEvents = YES;
				INFOPLIST_KEY_UILaunchScreen_Generation = YES;
				INFOPLIST_KEY_UISupportedInterfaceOrientations_iPad = "UIInterfaceOrientationPortrait UIInterfaceOrientationPortraitUpsideDown UIInterfaceOrientationLandscapeLeft UIInterfaceOrientationLandscapeRight";
				INFOPLIST_KEY_UISupportedInterfaceOrientations_iPhone = "UIInterfaceOrientationPortrait UIInterfaceOrientationLandscapeLeft UIInterfaceOrientationLandscapeRight";
				LD_RUNPATH_SEARCH_PATHS = (
					"$(inherited)",
					"@executable_path/Frameworks",
				);
				MARKETING_VERSION = 1.0;
				PRODUCT_BUNDLE_IDENTIFIER = "ConnorNeedling.nicnark-2";
				PRODUCT_NAME = "$(TARGET_NAME)";
				SWIFT_EMIT_LOC_STRINGS = YES;
				SWIFT_VERSION = 5.0;
				TARGETED_DEVICE_FAMILY = "1,2";
			};
			name = Debug;
		};
		C8E730852E405AC900F0C29D /* Release */ = {
			isa = XCBuildConfiguration;
			buildSettings = {
				ASSETCATALOG_COMPILER_APPICON_NAME = AppIcon;
				ASSETCATALOG_COMPILER_GLOBAL_ACCENT_COLOR_NAME = AccentColor;
				CODE_SIGN_ENTITLEMENTS = "nicnark-2/nicnark_2.entitlements";
				CODE_SIGN_STYLE = Automatic;
				CURRENT_PROJECT_VERSION = 1;
				DEVELOPMENT_TEAM = 69LLXLJW63;
				ENABLE_PREVIEWS = YES;
				GENERATE_INFOPLIST_FILE = YES;
				INFOPLIST_FILE = "nicnark-2/Info.plist";
				INFOPLIST_KEY_UIApplicationSceneManifest_Generation = YES;
				INFOPLIST_KEY_UIApplicationSupportsIndirectInputEvents = YES;
				INFOPLIST_KEY_UILaunchScreen_Generation = YES;
				INFOPLIST_KEY_UISupportedInterfaceOrientations_iPad = "UIInterfaceOrientationPortrait UIInterfaceOrientationPortraitUpsideDown UIInterfaceOrientationLandscapeLeft UIInterfaceOrientationLandscapeRight";
				INFOPLIST_KEY_UISupportedInterfaceOrientations_iPhone = "UIInterfaceOrientationPortrait UIInterfaceOrientationLandscapeLeft UIInterfaceOrientationLandscapeRight";
				LD_RUNPATH_SEARCH_PATHS = (
					"$(inherited)",
					"@executable_path/Frameworks",
				);
				MARKETING_VERSION = 1.0;
				PRODUCT_BUNDLE_IDENTIFIER = "ConnorNeedling.nicnark-2";
				PRODUCT_NAME = "$(TARGET_NAME)";
				SWIFT_EMIT_LOC_STRINGS = YES;
				SWIFT_VERSION = 5.0;
				TARGETED_DEVICE_FAMILY = "1,2";
			};
			name = Release;
		};
		C8E730862E405AC900F0C29D /* Debug */ = {
			isa = XCBuildConfiguration;
			buildSettings = {
				ALWAYS_SEARCH_USER_PATHS = NO;
				ASSETCATALOG_COMPILER_GENERATE_SWIFT_ASSET_SYMBOL_EXTENSIONS = YES;
				CLANG_ANALYZER_NONNULL = YES;
				CLANG_ANALYZER_NUMBER_OBJECT_CONVERSION = YES_AGGRESSIVE;
				CLANG_CXX_LANGUAGE_STANDARD = "gnu++20";
				CLANG_ENABLE_MODULES = YES;
				CLANG_ENABLE_OBJC_ARC = YES;
				CLANG_ENABLE_OBJC_WEAK = YES;
				CLANG_WARN_BLOCK_CAPTURE_AUTORELEASING = YES;
				CLANG_WARN_BOOL_CONVERSION = YES;
				CLANG_WARN_COMMA = YES;
				CLANG_WARN_CONSTANT_CONVERSION = YES;
				CLANG_WARN_DEPRECATED_OBJC_IMPLEMENTATIONS = YES;
				CLANG_WARN_DIRECT_OBJC_ISA_USAGE = YES_ERROR;
				CLANG_WARN_DOCUMENTATION_COMMENTS = YES;
				CLANG_WARN_EMPTY_BODY = YES;
				CLANG_WARN_ENUM_CONVERSION = YES;
				CLANG_WARN_INFINITE_RECURSION = YES;
				CLANG_WARN_INT_CONVERSION = YES;
				CLANG_WARN_NON_LITERAL_NULL_CONVERSION = YES;
				CLANG_WARN_OBJC_IMPLICIT_RETAIN_SELF = YES;
				CLANG_WARN_OBJC_LITERAL_CONVERSION = YES;
				CLANG_WARN_OBJC_ROOT_CLASS = YES_ERROR;
				CLANG_WARN_QUOTED_INCLUDE_IN_FRAMEWORK_HEADER = YES;
				CLANG_WARN_RANGE_LOOP_ANALYSIS = YES;
				CLANG_WARN_STRICT_PROTOTYPES = YES;
				CLANG_WARN_SUSPICIOUS_MOVE = YES;
				CLANG_WARN_UNGUARDED_AVAILABILITY = YES_AGGRESSIVE;
				CLANG_WARN_UNREACHABLE_CODE = YES;
				CLANG_WARN__DUPLICATE_METHOD_MATCH = YES;
				COPY_PHASE_STRIP = NO;
				DEBUG_INFORMATION_FORMAT = dwarf;
				DEVELOPMENT_TEAM = 69LLXLJW63;
				ENABLE_STRICT_OBJC_MSGSEND = YES;
				ENABLE_TESTABILITY = YES;
				ENABLE_USER_SCRIPT_SANDBOXING = YES;
				GCC_C_LANGUAGE_STANDARD = gnu17;
				GCC_DYNAMIC_NO_PIC = NO;
				GCC_NO_COMMON_BLOCKS = YES;
				GCC_OPTIMIZATION_LEVEL = 0;
				GCC_PREPROCESSOR_DEFINITIONS = (
					"DEBUG=1",
					"$(inherited)",
				);
				GCC_WARN_64_TO_32_BIT_CONVERSION = YES;
				GCC_WARN_ABOUT_RETURN_TYPE = YES_ERROR;
				GCC_WARN_UNDECLARED_SELECTOR = YES;
				GCC_WARN_UNINITIALIZED_AUTOS = YES_AGGRESSIVE;
				GCC_WARN_UNUSED_FUNCTION = YES;
				GCC_WARN_UNUSED_VARIABLE = YES;
				IPHONEOS_DEPLOYMENT_TARGET = 18.5;
				LOCALIZATION_PREFERS_STRING_CATALOGS = YES;
				MTL_ENABLE_DEBUG_INFO = INCLUDE_SOURCE;
				MTL_FAST_MATH = YES;
				ONLY_ACTIVE_ARCH = YES;
				SDKROOT = iphoneos;
				SWIFT_ACTIVE_COMPILATION_CONDITIONS = "DEBUG $(inherited)";
				SWIFT_OPTIMIZATION_LEVEL = "-Onone";
			};
			name = Debug;
		};
		C8E730872E405AC900F0C29D /* Release */ = {
			isa = XCBuildConfiguration;
			buildSettings = {
				ALWAYS_SEARCH_USER_PATHS = NO;
				ASSETCATALOG_COMPILER_GENERATE_SWIFT_ASSET_SYMBOL_EXTENSIONS = YES;
				CLANG_ANALYZER_NONNULL = YES;
				CLANG_ANALYZER_NUMBER_OBJECT_CONVERSION = YES_AGGRESSIVE;
				CLANG_CXX_LANGUAGE_STANDARD = "gnu++20";
				CLANG_ENABLE_MODULES = YES;
				CLANG_ENABLE_OBJC_ARC = YES;
				CLANG_ENABLE_OBJC_WEAK = YES;
				CLANG_WARN_BLOCK_CAPTURE_AUTORELEASING = YES;
				CLANG_WARN_BOOL_CONVERSION = YES;
				CLANG_WARN_COMMA = YES;
				CLANG_WARN_CONSTANT_CONVERSION = YES;
				CLANG_WARN_DEPRECATED_OBJC_IMPLEMENTATIONS = YES;
				CLANG_WARN_DIRECT_OBJC_ISA_USAGE = YES_ERROR;
				CLANG_WARN_DOCUMENTATION_COMMENTS = YES;
				CLANG_WARN_EMPTY_BODY = YES;
				CLANG_WARN_ENUM_CONVERSION = YES;
				CLANG_WARN_INFINITE_RECURSION = YES;
				CLANG_WARN_INT_CONVERSION = YES;
				CLANG_WARN_NON_LITERAL_NULL_CONVERSION = YES;
				CLANG_WARN_OBJC_IMPLICIT_RETAIN_SELF = YES;
				CLANG_WARN_OBJC_LITERAL_CONVERSION = YES;
				CLANG_WARN_OBJC_ROOT_CLASS = YES_ERROR;
				CLANG_WARN_QUOTED_INCLUDE_IN_FRAMEWORK_HEADER = YES;
				CLANG_WARN_RANGE_LOOP_ANALYSIS = YES;
				CLANG_WARN_STRICT_PROTOTYPES = YES;
				CLANG_WARN_SUSPICIOUS_MOVE = YES;
				CLANG_WARN_UNGUARDED_AVAILABILITY = YES_AGGRESSIVE;
				CLANG_WARN_UNREACHABLE_CODE = YES;
				CLANG_WARN__DUPLICATE_METHOD_MATCH = YES;
				COPY_PHASE_STRIP = NO;
				DEBUG_INFORMATION_FORMAT = "dwarf-with-dsym";
				DEVELOPMENT_TEAM = 69LLXLJW63;
				ENABLE_NS_ASSERTIONS = NO;
				ENABLE_STRICT_OBJC_MSGSEND = YES;
				ENABLE_USER_SCRIPT_SANDBOXING = YES;
				GCC_C_LANGUAGE_STANDARD = gnu17;
				GCC_NO_COMMON_BLOCKS = YES;
				GCC_WARN_64_TO_32_BIT_CONVERSION = YES;
				GCC_WARN_ABOUT_RETURN_TYPE = YES_ERROR;
				GCC_WARN_UNDECLARED_SELECTOR = YES;
				GCC_WARN_UNINITIALIZED_AUTOS = YES_AGGRESSIVE;
				GCC_WARN_UNUSED_FUNCTION = YES;
				GCC_WARN_UNUSED_VARIABLE = YES;
				IPHONEOS_DEPLOYMENT_TARGET = 18.5;
				LOCALIZATION_PREFERS_STRING_CATALOGS = YES;
				MTL_ENABLE_DEBUG_INFO = NO;
				MTL_FAST_MATH = YES;
				SDKROOT = iphoneos;
				SWIFT_COMPILATION_MODE = wholemodule;
				VALIDATE_PRODUCT = YES;
			};
			name = Release;
		};
		C8E730892E405AC900F0C29D /* Debug */ = {
			isa = XCBuildConfiguration;
			buildSettings = {
				BUNDLE_LOADER = "$(TEST_HOST)";
				CODE_SIGN_STYLE = Automatic;
				CURRENT_PROJECT_VERSION = 1;
				DEVELOPMENT_TEAM = 69LLXLJW63;
				GENERATE_INFOPLIST_FILE = YES;
				IPHONEOS_DEPLOYMENT_TARGET = 18.5;
				MARKETING_VERSION = 1.0;
				PRODUCT_BUNDLE_IDENTIFIER = "ConnorNeedling.nicnark-2Tests";
				PRODUCT_NAME = "$(TARGET_NAME)";
				SWIFT_EMIT_LOC_STRINGS = NO;
				SWIFT_VERSION = 5.0;
				TARGETED_DEVICE_FAMILY = "1,2";
				TEST_HOST = "$(BUILT_PRODUCTS_DIR)/nicnark-2.app/$(BUNDLE_EXECUTABLE_FOLDER_PATH)/nicnark-2";
			};
			name = Debug;
		};
		C8E7308A2E405AC900F0C29D /* Release */ = {
			isa = XCBuildConfiguration;
			buildSettings = {
				BUNDLE_LOADER = "$(TEST_HOST)";
				CODE_SIGN_STYLE = Automatic;
				CURRENT_PROJECT_VERSION = 1;
				DEVELOPMENT_TEAM = 69LLXLJW63;
				GENERATE_INFOPLIST_FILE = YES;
				IPHONEOS_DEPLOYMENT_TARGET = 18.5;
				MARKETING_VERSION = 1.0;
				PRODUCT_BUNDLE_IDENTIFIER = "ConnorNeedling.nicnark-2Tests";
				PRODUCT_NAME = "$(TARGET_NAME)";
				SWIFT_EMIT_LOC_STRINGS = NO;
				SWIFT_VERSION = 5.0;
				TARGETED_DEVICE_FAMILY = "1,2";
				TEST_HOST = "$(BUILT_PRODUCTS_DIR)/nicnark-2.app/$(BUNDLE_EXECUTABLE_FOLDER_PATH)/nicnark-2";
			};
			name = Release;
		};
		C8E7308C2E405AC900F0C29D /* Debug */ = {
			isa = XCBuildConfiguration;
			buildSettings = {
				CODE_SIGN_STYLE = Automatic;
				CURRENT_PROJECT_VERSION = 1;
				DEVELOPMENT_TEAM = 69LLXLJW63;
				GENERATE_INFOPLIST_FILE = YES;
				MARKETING_VERSION = 1.0;
				PRODUCT_BUNDLE_IDENTIFIER = "ConnorNeedling.nicnark-2UITests";
				PRODUCT_NAME = "$(TARGET_NAME)";
				SWIFT_EMIT_LOC_STRINGS = NO;
				SWIFT_VERSION = 5.0;
				TARGETED_DEVICE_FAMILY = "1,2";
				TEST_TARGET_NAME = "nicnark-2";
			};
			name = Debug;
		};
		C8E7308D2E405AC900F0C29D /* Release */ = {
			isa = XCBuildConfiguration;
			buildSettings = {
				CODE_SIGN_STYLE = Automatic;
				CURRENT_PROJECT_VERSION = 1;
				DEVELOPMENT_TEAM = 69LLXLJW63;
				GENERATE_INFOPLIST_FILE = YES;
				MARKETING_VERSION = 1.0;
				PRODUCT_BUNDLE_IDENTIFIER = "ConnorNeedling.nicnark-2UITests";
				PRODUCT_NAME = "$(TARGET_NAME)";
				SWIFT_EMIT_LOC_STRINGS = NO;
				SWIFT_VERSION = 5.0;
				TARGETED_DEVICE_FAMILY = "1,2";
				TEST_TARGET_NAME = "nicnark-2";
			};
			name = Release;
		};
/* End XCBuildConfiguration section */

/* Begin XCConfigurationList section */
		C8E730572E405AC700F0C29D /* Build configuration list for PBXProject "nicnark-2" */ = {
			isa = XCConfigurationList;
			buildConfigurations = (
				C8E730862E405AC900F0C29D /* Debug */,
				C8E730872E405AC900F0C29D /* Release */,
			);
			defaultConfigurationIsVisible = 0;
			defaultConfigurationName = Release;
		};
		C8E730832E405AC900F0C29D /* Build configuration list for PBXNativeTarget "nicnark-2" */ = {
			isa = XCConfigurationList;
			buildConfigurations = (
				C8E730842E405AC900F0C29D /* Debug */,
				C8E730852E405AC900F0C29D /* Release */,
			);
			defaultConfigurationIsVisible = 0;
			defaultConfigurationName = Release;
		};
		C8E730882E405AC900F0C29D /* Build configuration list for PBXNativeTarget "nicnark-2Tests" */ = {
			isa = XCConfigurationList;
			buildConfigurations = (
				C8E730892E405AC900F0C29D /* Debug */,
				C8E7308A2E405AC900F0C29D /* Release */,
			);
			defaultConfigurationIsVisible = 0;
			defaultConfigurationName = Release;
		};
		C8E7308B2E405AC900F0C29D /* Build configuration list for PBXNativeTarget "nicnark-2UITests" */ = {
			isa = XCConfigurationList;
			buildConfigurations = (
				C8E7308C2E405AC900F0C29D /* Debug */,
				C8E7308D2E405AC900F0C29D /* Release */,
			);
			defaultConfigurationIsVisible = 0;
			defaultConfigurationName = Release;
		};
/* End XCConfigurationList section */
	};
	rootObject = C8E730542E405AC700F0C29D /* Project object */;
}
